
Microsoft Visual Studio Solution File, Format Version 12.00
# Visual Studio Version 16
VisualStudioVersion = 16.0.29025.244
MinimumVisualStudioVersion = 10.0.40219.1
Project("{9A19103F-16F7-4668-BE54-9A1E7A4F7556}") = "MyTagPocket", "MyTagPocket\MyTagPocket.csproj", "{814349C0-4B55-47A3-BA9A-5AEBAA903143}"
EndProject
Project("{FAE04EC0-301F-11D3-BF4B-00C04F79EFBC}") = "MyTagPocket.Android", "MyTagPocket.Android\MyTagPocket.Android.csproj", "{D884FEA8-EF3E-4A7D-BB42-849A387090BF}"
EndProject
Project("{FAE04EC0-301F-11D3-BF4B-00C04F79EFBC}") = "MyTagPocket.iOS", "MyTagPocket.iOS\MyTagPocket.iOS.csproj", "{7939DCAB-4F8D-491B-979E-4471D838E168}"
EndProject
Project("{FAE04EC0-301F-11D3-BF4B-00C04F79EFBC}") = "MyTagPocket.UWP", "MyTagPocket.UWP\MyTagPocket.UWP.csproj", "{C331F5C1-7900-4197-B4AA-F6DAC61DD09E}"
EndProject
Project("{FAE04EC0-301F-11D3-BF4B-00C04F79EFBC}") = "MyTagPocket.UWP.TEST", "MyTagPocket.UWP.TEST\MyTagPocket.UWP.TEST.csproj", "{0EE0DD55-0954-400C-A5FC-BEF531ADCC47}"
EndProject
Project("{FAE04EC0-301F-11D3-BF4B-00C04F79EFBC}") = "MyTagPocket.UWP.Library", "MyTagPocket.UWP.Library\MyTagPocket.UWP.Library.csproj", "{FB3F24CB-514F-4259-A8C1-19AAD9BA8394}"
EndProject
Global
	GlobalSection(SolutionConfigurationPlatforms) = preSolution
		Ad-Hoc|Any CPU = Ad-Hoc|Any CPU
		Ad-Hoc|ARM = Ad-Hoc|ARM
		Ad-Hoc|ARM64 = Ad-Hoc|ARM64
		Ad-Hoc|iPhone = Ad-Hoc|iPhone
		Ad-Hoc|iPhoneSimulator = Ad-Hoc|iPhoneSimulator
		Ad-Hoc|x64 = Ad-Hoc|x64
		Ad-Hoc|x86 = Ad-Hoc|x86
		AppStore|Any CPU = AppStore|Any CPU
		AppStore|ARM = AppStore|ARM
		AppStore|ARM64 = AppStore|ARM64
		AppStore|iPhone = AppStore|iPhone
		AppStore|iPhoneSimulator = AppStore|iPhoneSimulator
		AppStore|x64 = AppStore|x64
		AppStore|x86 = AppStore|x86
		Debug|Any CPU = Debug|Any CPU
		Debug|ARM = Debug|ARM
		Debug|ARM64 = Debug|ARM64
		Debug|iPhone = Debug|iPhone
		Debug|iPhoneSimulator = Debug|iPhoneSimulator
		Debug|x64 = Debug|x64
		Debug|x86 = Debug|x86
		Release|Any CPU = Release|Any CPU
		Release|ARM = Release|ARM
		Release|ARM64 = Release|ARM64
		Release|iPhone = Release|iPhone
		Release|iPhoneSimulator = Release|iPhoneSimulator
		Release|x64 = Release|x64
		Release|x86 = Release|x86
	EndGlobalSection
	GlobalSection(ProjectConfigurationPlatforms) = postSolution
		{814349C0-4B55-47A3-BA9A-5AEBAA903143}.Ad-Hoc|Any CPU.ActiveCfg = Debug|Any CPU
		{814349C0-4B55-47A3-BA9A-5AEBAA903143}.Ad-Hoc|Any CPU.Build.0 = Debug|Any CPU
		{814349C0-4B55-47A3-BA9A-5AEBAA903143}.Ad-Hoc|ARM.ActiveCfg = Debug|Any CPU
		{814349C0-4B55-47A3-BA9A-5AEBAA903143}.Ad-Hoc|ARM.Build.0 = Debug|Any CPU
		{814349C0-4B55-47A3-BA9A-5AEBAA903143}.Ad-Hoc|ARM64.ActiveCfg = Release|Any CPU
		{814349C0-4B55-47A3-BA9A-5AEBAA903143}.Ad-Hoc|ARM64.Build.0 = Release|Any CPU
		{814349C0-4B55-47A3-BA9A-5AEBAA903143}.Ad-Hoc|iPhone.ActiveCfg = Debug|Any CPU
		{814349C0-4B55-47A3-BA9A-5AEBAA903143}.Ad-Hoc|iPhone.Build.0 = Debug|Any CPU
		{814349C0-4B55-47A3-BA9A-5AEBAA903143}.Ad-Hoc|iPhoneSimulator.ActiveCfg = Debug|Any CPU
		{814349C0-4B55-47A3-BA9A-5AEBAA903143}.Ad-Hoc|iPhoneSimulator.Build.0 = Debug|Any CPU
		{814349C0-4B55-47A3-BA9A-5AEBAA903143}.Ad-Hoc|x64.ActiveCfg = Debug|Any CPU
		{814349C0-4B55-47A3-BA9A-5AEBAA903143}.Ad-Hoc|x64.Build.0 = Debug|Any CPU
		{814349C0-4B55-47A3-BA9A-5AEBAA903143}.Ad-Hoc|x86.ActiveCfg = Debug|Any CPU
		{814349C0-4B55-47A3-BA9A-5AEBAA903143}.Ad-Hoc|x86.Build.0 = Debug|Any CPU
		{814349C0-4B55-47A3-BA9A-5AEBAA903143}.AppStore|Any CPU.ActiveCfg = Debug|Any CPU
		{814349C0-4B55-47A3-BA9A-5AEBAA903143}.AppStore|Any CPU.Build.0 = Debug|Any CPU
		{814349C0-4B55-47A3-BA9A-5AEBAA903143}.AppStore|ARM.ActiveCfg = Debug|Any CPU
		{814349C0-4B55-47A3-BA9A-5AEBAA903143}.AppStore|ARM.Build.0 = Debug|Any CPU
		{814349C0-4B55-47A3-BA9A-5AEBAA903143}.AppStore|ARM64.ActiveCfg = Release|Any CPU
		{814349C0-4B55-47A3-BA9A-5AEBAA903143}.AppStore|ARM64.Build.0 = Release|Any CPU
		{814349C0-4B55-47A3-BA9A-5AEBAA903143}.AppStore|iPhone.ActiveCfg = Debug|Any CPU
		{814349C0-4B55-47A3-BA9A-5AEBAA903143}.AppStore|iPhone.Build.0 = Debug|Any CPU
		{814349C0-4B55-47A3-BA9A-5AEBAA903143}.AppStore|iPhoneSimulator.ActiveCfg = Debug|Any CPU
		{814349C0-4B55-47A3-BA9A-5AEBAA903143}.AppStore|iPhoneSimulator.Build.0 = Debug|Any CPU
		{814349C0-4B55-47A3-BA9A-5AEBAA903143}.AppStore|x64.ActiveCfg = Debug|Any CPU
		{814349C0-4B55-47A3-BA9A-5AEBAA903143}.AppStore|x64.Build.0 = Debug|Any CPU
		{814349C0-4B55-47A3-BA9A-5AEBAA903143}.AppStore|x86.ActiveCfg = Debug|Any CPU
		{814349C0-4B55-47A3-BA9A-5AEBAA903143}.AppStore|x86.Build.0 = Debug|Any CPU
		{814349C0-4B55-47A3-BA9A-5AEBAA903143}.Debug|Any CPU.ActiveCfg = Debug|Any CPU
		{814349C0-4B55-47A3-BA9A-5AEBAA903143}.Debug|Any CPU.Build.0 = Debug|Any CPU
		{814349C0-4B55-47A3-BA9A-5AEBAA903143}.Debug|ARM.ActiveCfg = Debug|Any CPU
		{814349C0-4B55-47A3-BA9A-5AEBAA903143}.Debug|ARM.Build.0 = Debug|Any CPU
		{814349C0-4B55-47A3-BA9A-5AEBAA903143}.Debug|ARM64.ActiveCfg = Debug|Any CPU
		{814349C0-4B55-47A3-BA9A-5AEBAA903143}.Debug|ARM64.Build.0 = Debug|Any CPU
		{814349C0-4B55-47A3-BA9A-5AEBAA903143}.Debug|iPhone.ActiveCfg = Debug|Any CPU
		{814349C0-4B55-47A3-BA9A-5AEBAA903143}.Debug|iPhone.Build.0 = Debug|Any CPU
		{814349C0-4B55-47A3-BA9A-5AEBAA903143}.Debug|iPhoneSimulator.ActiveCfg = Debug|Any CPU
		{814349C0-4B55-47A3-BA9A-5AEBAA903143}.Debug|iPhoneSimulator.Build.0 = Debug|Any CPU
		{814349C0-4B55-47A3-BA9A-5AEBAA903143}.Debug|x64.ActiveCfg = Debug|Any CPU
		{814349C0-4B55-47A3-BA9A-5AEBAA903143}.Debug|x64.Build.0 = Debug|Any CPU
		{814349C0-4B55-47A3-BA9A-5AEBAA903143}.Debug|x86.ActiveCfg = Debug|Any CPU
		{814349C0-4B55-47A3-BA9A-5AEBAA903143}.Debug|x86.Build.0 = Debug|Any CPU
		{814349C0-4B55-47A3-BA9A-5AEBAA903143}.Release|Any CPU.ActiveCfg = Release|Any CPU
		{814349C0-4B55-47A3-BA9A-5AEBAA903143}.Release|Any CPU.Build.0 = Release|Any CPU
		{814349C0-4B55-47A3-BA9A-5AEBAA903143}.Release|ARM.ActiveCfg = Release|Any CPU
		{814349C0-4B55-47A3-BA9A-5AEBAA903143}.Release|ARM.Build.0 = Release|Any CPU
		{814349C0-4B55-47A3-BA9A-5AEBAA903143}.Release|ARM64.ActiveCfg = Release|Any CPU
		{814349C0-4B55-47A3-BA9A-5AEBAA903143}.Release|ARM64.Build.0 = Release|Any CPU
		{814349C0-4B55-47A3-BA9A-5AEBAA903143}.Release|iPhone.ActiveCfg = Release|Any CPU
		{814349C0-4B55-47A3-BA9A-5AEBAA903143}.Release|iPhone.Build.0 = Release|Any CPU
		{814349C0-4B55-47A3-BA9A-5AEBAA903143}.Release|iPhoneSimulator.ActiveCfg = Release|Any CPU
		{814349C0-4B55-47A3-BA9A-5AEBAA903143}.Release|iPhoneSimulator.Build.0 = Release|Any CPU
		{814349C0-4B55-47A3-BA9A-5AEBAA903143}.Release|x64.ActiveCfg = Release|Any CPU
		{814349C0-4B55-47A3-BA9A-5AEBAA903143}.Release|x64.Build.0 = Release|Any CPU
		{814349C0-4B55-47A3-BA9A-5AEBAA903143}.Release|x86.ActiveCfg = Release|Any CPU
		{814349C0-4B55-47A3-BA9A-5AEBAA903143}.Release|x86.Build.0 = Release|Any CPU
		{D884FEA8-EF3E-4A7D-BB42-849A387090BF}.Ad-Hoc|Any CPU.ActiveCfg = Release|Any CPU
		{D884FEA8-EF3E-4A7D-BB42-849A387090BF}.Ad-Hoc|Any CPU.Build.0 = Release|Any CPU
		{D884FEA8-EF3E-4A7D-BB42-849A387090BF}.Ad-Hoc|Any CPU.Deploy.0 = Release|Any CPU
		{D884FEA8-EF3E-4A7D-BB42-849A387090BF}.Ad-Hoc|ARM.ActiveCfg = Release|Any CPU
		{D884FEA8-EF3E-4A7D-BB42-849A387090BF}.Ad-Hoc|ARM.Build.0 = Release|Any CPU
		{D884FEA8-EF3E-4A7D-BB42-849A387090BF}.Ad-Hoc|ARM.Deploy.0 = Release|Any CPU
		{D884FEA8-EF3E-4A7D-BB42-849A387090BF}.Ad-Hoc|ARM64.ActiveCfg = Debug|Any CPU
		{D884FEA8-EF3E-4A7D-BB42-849A387090BF}.Ad-Hoc|ARM64.Build.0 = Debug|Any CPU
		{D884FEA8-EF3E-4A7D-BB42-849A387090BF}.Ad-Hoc|ARM64.Deploy.0 = Debug|Any CPU
		{D884FEA8-EF3E-4A7D-BB42-849A387090BF}.Ad-Hoc|iPhone.ActiveCfg = Release|Any CPU
		{D884FEA8-EF3E-4A7D-BB42-849A387090BF}.Ad-Hoc|iPhone.Build.0 = Release|Any CPU
		{D884FEA8-EF3E-4A7D-BB42-849A387090BF}.Ad-Hoc|iPhone.Deploy.0 = Release|Any CPU
		{D884FEA8-EF3E-4A7D-BB42-849A387090BF}.Ad-Hoc|iPhoneSimulator.ActiveCfg = Release|Any CPU
		{D884FEA8-EF3E-4A7D-BB42-849A387090BF}.Ad-Hoc|iPhoneSimulator.Build.0 = Release|Any CPU
		{D884FEA8-EF3E-4A7D-BB42-849A387090BF}.Ad-Hoc|iPhoneSimulator.Deploy.0 = Release|Any CPU
		{D884FEA8-EF3E-4A7D-BB42-849A387090BF}.Ad-Hoc|x64.ActiveCfg = Release|Any CPU
		{D884FEA8-EF3E-4A7D-BB42-849A387090BF}.Ad-Hoc|x64.Build.0 = Release|Any CPU
		{D884FEA8-EF3E-4A7D-BB42-849A387090BF}.Ad-Hoc|x64.Deploy.0 = Release|Any CPU
		{D884FEA8-EF3E-4A7D-BB42-849A387090BF}.Ad-Hoc|x86.ActiveCfg = Release|Any CPU
		{D884FEA8-EF3E-4A7D-BB42-849A387090BF}.Ad-Hoc|x86.Build.0 = Release|Any CPU
		{D884FEA8-EF3E-4A7D-BB42-849A387090BF}.Ad-Hoc|x86.Deploy.0 = Release|Any CPU
		{D884FEA8-EF3E-4A7D-BB42-849A387090BF}.AppStore|Any CPU.ActiveCfg = Release|Any CPU
		{D884FEA8-EF3E-4A7D-BB42-849A387090BF}.AppStore|Any CPU.Build.0 = Release|Any CPU
		{D884FEA8-EF3E-4A7D-BB42-849A387090BF}.AppStore|Any CPU.Deploy.0 = Release|Any CPU
		{D884FEA8-EF3E-4A7D-BB42-849A387090BF}.AppStore|ARM.ActiveCfg = Release|Any CPU
		{D884FEA8-EF3E-4A7D-BB42-849A387090BF}.AppStore|ARM.Build.0 = Release|Any CPU
		{D884FEA8-EF3E-4A7D-BB42-849A387090BF}.AppStore|ARM.Deploy.0 = Release|Any CPU
		{D884FEA8-EF3E-4A7D-BB42-849A387090BF}.AppStore|ARM64.ActiveCfg = Debug|Any CPU
		{D884FEA8-EF3E-4A7D-BB42-849A387090BF}.AppStore|ARM64.Build.0 = Debug|Any CPU
		{D884FEA8-EF3E-4A7D-BB42-849A387090BF}.AppStore|ARM64.Deploy.0 = Debug|Any CPU
		{D884FEA8-EF3E-4A7D-BB42-849A387090BF}.AppStore|iPhone.ActiveCfg = Release|Any CPU
		{D884FEA8-EF3E-4A7D-BB42-849A387090BF}.AppStore|iPhone.Build.0 = Release|Any CPU
		{D884FEA8-EF3E-4A7D-BB42-849A387090BF}.AppStore|iPhone.Deploy.0 = Release|Any CPU
		{D884FEA8-EF3E-4A7D-BB42-849A387090BF}.AppStore|iPhoneSimulator.ActiveCfg = Release|Any CPU
		{D884FEA8-EF3E-4A7D-BB42-849A387090BF}.AppStore|iPhoneSimulator.Build.0 = Release|Any CPU
		{D884FEA8-EF3E-4A7D-BB42-849A387090BF}.AppStore|iPhoneSimulator.Deploy.0 = Release|Any CPU
		{D884FEA8-EF3E-4A7D-BB42-849A387090BF}.AppStore|x64.ActiveCfg = Release|Any CPU
		{D884FEA8-EF3E-4A7D-BB42-849A387090BF}.AppStore|x64.Build.0 = Release|Any CPU
		{D884FEA8-EF3E-4A7D-BB42-849A387090BF}.AppStore|x64.Deploy.0 = Release|Any CPU
		{D884FEA8-EF3E-4A7D-BB42-849A387090BF}.AppStore|x86.ActiveCfg = Release|Any CPU
		{D884FEA8-EF3E-4A7D-BB42-849A387090BF}.AppStore|x86.Build.0 = Release|Any CPU
		{D884FEA8-EF3E-4A7D-BB42-849A387090BF}.AppStore|x86.Deploy.0 = Release|Any CPU
		{D884FEA8-EF3E-4A7D-BB42-849A387090BF}.Debug|Any CPU.ActiveCfg = Debug|Any CPU
		{D884FEA8-EF3E-4A7D-BB42-849A387090BF}.Debug|Any CPU.Build.0 = Debug|Any CPU
		{D884FEA8-EF3E-4A7D-BB42-849A387090BF}.Debug|Any CPU.Deploy.0 = Debug|Any CPU
		{D884FEA8-EF3E-4A7D-BB42-849A387090BF}.Debug|ARM.ActiveCfg = Debug|Any CPU
		{D884FEA8-EF3E-4A7D-BB42-849A387090BF}.Debug|ARM.Build.0 = Debug|Any CPU
		{D884FEA8-EF3E-4A7D-BB42-849A387090BF}.Debug|ARM.Deploy.0 = Debug|Any CPU
		{D884FEA8-EF3E-4A7D-BB42-849A387090BF}.Debug|ARM64.ActiveCfg = Debug|Any CPU
		{D884FEA8-EF3E-4A7D-BB42-849A387090BF}.Debug|ARM64.Build.0 = Debug|Any CPU
		{D884FEA8-EF3E-4A7D-BB42-849A387090BF}.Debug|ARM64.Deploy.0 = Debug|Any CPU
		{D884FEA8-EF3E-4A7D-BB42-849A387090BF}.Debug|iPhone.ActiveCfg = Debug|Any CPU
		{D884FEA8-EF3E-4A7D-BB42-849A387090BF}.Debug|iPhone.Build.0 = Debug|Any CPU
		{D884FEA8-EF3E-4A7D-BB42-849A387090BF}.Debug|iPhone.Deploy.0 = Debug|Any CPU
		{D884FEA8-EF3E-4A7D-BB42-849A387090BF}.Debug|iPhoneSimulator.ActiveCfg = Debug|Any CPU
		{D884FEA8-EF3E-4A7D-BB42-849A387090BF}.Debug|iPhoneSimulator.Build.0 = Debug|Any CPU
		{D884FEA8-EF3E-4A7D-BB42-849A387090BF}.Debug|iPhoneSimulator.Deploy.0 = Debug|Any CPU
		{D884FEA8-EF3E-4A7D-BB42-849A387090BF}.Debug|x64.ActiveCfg = Debug|Any CPU
		{D884FEA8-EF3E-4A7D-BB42-849A387090BF}.Debug|x64.Build.0 = Debug|Any CPU
		{D884FEA8-EF3E-4A7D-BB42-849A387090BF}.Debug|x64.Deploy.0 = Debug|Any CPU
		{D884FEA8-EF3E-4A7D-BB42-849A387090BF}.Debug|x86.ActiveCfg = Debug|Any CPU
		{D884FEA8-EF3E-4A7D-BB42-849A387090BF}.Debug|x86.Build.0 = Debug|Any CPU
		{D884FEA8-EF3E-4A7D-BB42-849A387090BF}.Debug|x86.Deploy.0 = Debug|Any CPU
		{D884FEA8-EF3E-4A7D-BB42-849A387090BF}.Release|Any CPU.ActiveCfg = Release|Any CPU
		{D884FEA8-EF3E-4A7D-BB42-849A387090BF}.Release|Any CPU.Build.0 = Release|Any CPU
		{D884FEA8-EF3E-4A7D-BB42-849A387090BF}.Release|Any CPU.Deploy.0 = Release|Any CPU
		{D884FEA8-EF3E-4A7D-BB42-849A387090BF}.Release|ARM.ActiveCfg = Release|Any CPU
		{D884FEA8-EF3E-4A7D-BB42-849A387090BF}.Release|ARM.Build.0 = Release|Any CPU
		{D884FEA8-EF3E-4A7D-BB42-849A387090BF}.Release|ARM.Deploy.0 = Release|Any CPU
		{D884FEA8-EF3E-4A7D-BB42-849A387090BF}.Release|ARM64.ActiveCfg = Release|Any CPU
		{D884FEA8-EF3E-4A7D-BB42-849A387090BF}.Release|ARM64.Build.0 = Release|Any CPU
		{D884FEA8-EF3E-4A7D-BB42-849A387090BF}.Release|ARM64.Deploy.0 = Release|Any CPU
		{D884FEA8-EF3E-4A7D-BB42-849A387090BF}.Release|iPhone.ActiveCfg = Release|Any CPU
		{D884FEA8-EF3E-4A7D-BB42-849A387090BF}.Release|iPhone.Build.0 = Release|Any CPU
		{D884FEA8-EF3E-4A7D-BB42-849A387090BF}.Release|iPhone.Deploy.0 = Release|Any CPU
		{D884FEA8-EF3E-4A7D-BB42-849A387090BF}.Release|iPhoneSimulator.ActiveCfg = Release|Any CPU
		{D884FEA8-EF3E-4A7D-BB42-849A387090BF}.Release|iPhoneSimulator.Build.0 = Release|Any CPU
		{D884FEA8-EF3E-4A7D-BB42-849A387090BF}.Release|iPhoneSimulator.Deploy.0 = Release|Any CPU
		{D884FEA8-EF3E-4A7D-BB42-849A387090BF}.Release|x64.ActiveCfg = Release|Any CPU
		{D884FEA8-EF3E-4A7D-BB42-849A387090BF}.Release|x64.Build.0 = Release|Any CPU
		{D884FEA8-EF3E-4A7D-BB42-849A387090BF}.Release|x64.Deploy.0 = Release|Any CPU
		{D884FEA8-EF3E-4A7D-BB42-849A387090BF}.Release|x86.ActiveCfg = Release|Any CPU
		{D884FEA8-EF3E-4A7D-BB42-849A387090BF}.Release|x86.Build.0 = Release|Any CPU
		{D884FEA8-EF3E-4A7D-BB42-849A387090BF}.Release|x86.Deploy.0 = Release|Any CPU
		{7939DCAB-4F8D-491B-979E-4471D838E168}.Ad-Hoc|Any CPU.ActiveCfg = Ad-Hoc|iPhone
		{7939DCAB-4F8D-491B-979E-4471D838E168}.Ad-Hoc|ARM.ActiveCfg = Ad-Hoc|iPhone
		{7939DCAB-4F8D-491B-979E-4471D838E168}.Ad-Hoc|ARM64.ActiveCfg = Ad-Hoc|iPhoneSimulator
		{7939DCAB-4F8D-491B-979E-4471D838E168}.Ad-Hoc|iPhone.ActiveCfg = Ad-Hoc|iPhone
		{7939DCAB-4F8D-491B-979E-4471D838E168}.Ad-Hoc|iPhone.Build.0 = Ad-Hoc|iPhone
		{7939DCAB-4F8D-491B-979E-4471D838E168}.Ad-Hoc|iPhoneSimulator.ActiveCfg = Ad-Hoc|iPhoneSimulator
		{7939DCAB-4F8D-491B-979E-4471D838E168}.Ad-Hoc|iPhoneSimulator.Build.0 = Ad-Hoc|iPhoneSimulator
		{7939DCAB-4F8D-491B-979E-4471D838E168}.Ad-Hoc|x64.ActiveCfg = Ad-Hoc|iPhone
		{7939DCAB-4F8D-491B-979E-4471D838E168}.Ad-Hoc|x86.ActiveCfg = Ad-Hoc|iPhone
		{7939DCAB-4F8D-491B-979E-4471D838E168}.AppStore|Any CPU.ActiveCfg = AppStore|iPhone
		{7939DCAB-4F8D-491B-979E-4471D838E168}.AppStore|ARM.ActiveCfg = AppStore|iPhone
		{7939DCAB-4F8D-491B-979E-4471D838E168}.AppStore|ARM64.ActiveCfg = AppStore|iPhoneSimulator
		{7939DCAB-4F8D-491B-979E-4471D838E168}.AppStore|iPhone.ActiveCfg = AppStore|iPhone
		{7939DCAB-4F8D-491B-979E-4471D838E168}.AppStore|iPhone.Build.0 = AppStore|iPhone
		{7939DCAB-4F8D-491B-979E-4471D838E168}.AppStore|iPhoneSimulator.ActiveCfg = AppStore|iPhoneSimulator
		{7939DCAB-4F8D-491B-979E-4471D838E168}.AppStore|iPhoneSimulator.Build.0 = AppStore|iPhoneSimulator
		{7939DCAB-4F8D-491B-979E-4471D838E168}.AppStore|x64.ActiveCfg = AppStore|iPhone
		{7939DCAB-4F8D-491B-979E-4471D838E168}.AppStore|x86.ActiveCfg = AppStore|iPhone
		{7939DCAB-4F8D-491B-979E-4471D838E168}.Debug|Any CPU.ActiveCfg = Debug|iPhone
		{7939DCAB-4F8D-491B-979E-4471D838E168}.Debug|ARM.ActiveCfg = Debug|iPhone
		{7939DCAB-4F8D-491B-979E-4471D838E168}.Debug|ARM64.ActiveCfg = Debug|iPhoneSimulator
		{7939DCAB-4F8D-491B-979E-4471D838E168}.Debug|iPhone.ActiveCfg = Debug|iPhone
		{7939DCAB-4F8D-491B-979E-4471D838E168}.Debug|iPhone.Build.0 = Debug|iPhone
		{7939DCAB-4F8D-491B-979E-4471D838E168}.Debug|iPhoneSimulator.ActiveCfg = Debug|iPhoneSimulator
		{7939DCAB-4F8D-491B-979E-4471D838E168}.Debug|iPhoneSimulator.Build.0 = Debug|iPhoneSimulator
		{7939DCAB-4F8D-491B-979E-4471D838E168}.Debug|x64.ActiveCfg = Debug|iPhone
		{7939DCAB-4F8D-491B-979E-4471D838E168}.Debug|x86.ActiveCfg = Debug|iPhone
		{7939DCAB-4F8D-491B-979E-4471D838E168}.Release|Any CPU.ActiveCfg = Release|iPhone
		{7939DCAB-4F8D-491B-979E-4471D838E168}.Release|ARM.ActiveCfg = Release|iPhone
		{7939DCAB-4F8D-491B-979E-4471D838E168}.Release|ARM64.ActiveCfg = Release|iPhoneSimulator
		{7939DCAB-4F8D-491B-979E-4471D838E168}.Release|iPhone.ActiveCfg = Release|iPhone
		{7939DCAB-4F8D-491B-979E-4471D838E168}.Release|iPhone.Build.0 = Release|iPhone
		{7939DCAB-4F8D-491B-979E-4471D838E168}.Release|iPhoneSimulator.ActiveCfg = Release|iPhoneSimulator
		{7939DCAB-4F8D-491B-979E-4471D838E168}.Release|iPhoneSimulator.Build.0 = Release|iPhoneSimulator
		{7939DCAB-4F8D-491B-979E-4471D838E168}.Release|x64.ActiveCfg = Release|iPhone
		{7939DCAB-4F8D-491B-979E-4471D838E168}.Release|x86.ActiveCfg = Release|iPhone
		{C331F5C1-7900-4197-B4AA-F6DAC61DD09E}.Ad-Hoc|Any CPU.ActiveCfg = Release|x86
		{C331F5C1-7900-4197-B4AA-F6DAC61DD09E}.Ad-Hoc|Any CPU.Build.0 = Release|x86
		{C331F5C1-7900-4197-B4AA-F6DAC61DD09E}.Ad-Hoc|Any CPU.Deploy.0 = Release|x86
		{C331F5C1-7900-4197-B4AA-F6DAC61DD09E}.Ad-Hoc|ARM.ActiveCfg = Release|ARM
		{C331F5C1-7900-4197-B4AA-F6DAC61DD09E}.Ad-Hoc|ARM.Build.0 = Release|ARM
		{C331F5C1-7900-4197-B4AA-F6DAC61DD09E}.Ad-Hoc|ARM.Deploy.0 = Release|ARM
		{C331F5C1-7900-4197-B4AA-F6DAC61DD09E}.Ad-Hoc|ARM64.ActiveCfg = Debug|x64
		{C331F5C1-7900-4197-B4AA-F6DAC61DD09E}.Ad-Hoc|ARM64.Build.0 = Debug|x64
		{C331F5C1-7900-4197-B4AA-F6DAC61DD09E}.Ad-Hoc|ARM64.Deploy.0 = Debug|x64
		{C331F5C1-7900-4197-B4AA-F6DAC61DD09E}.Ad-Hoc|iPhone.ActiveCfg = Release|x86
		{C331F5C1-7900-4197-B4AA-F6DAC61DD09E}.Ad-Hoc|iPhone.Build.0 = Release|x86
		{C331F5C1-7900-4197-B4AA-F6DAC61DD09E}.Ad-Hoc|iPhone.Deploy.0 = Release|x86
		{C331F5C1-7900-4197-B4AA-F6DAC61DD09E}.Ad-Hoc|iPhoneSimulator.ActiveCfg = Release|x86
		{C331F5C1-7900-4197-B4AA-F6DAC61DD09E}.Ad-Hoc|iPhoneSimulator.Build.0 = Release|x86
		{C331F5C1-7900-4197-B4AA-F6DAC61DD09E}.Ad-Hoc|iPhoneSimulator.Deploy.0 = Release|x86
		{C331F5C1-7900-4197-B4AA-F6DAC61DD09E}.Ad-Hoc|x64.ActiveCfg = Release|x64
		{C331F5C1-7900-4197-B4AA-F6DAC61DD09E}.Ad-Hoc|x64.Build.0 = Release|x64
		{C331F5C1-7900-4197-B4AA-F6DAC61DD09E}.Ad-Hoc|x64.Deploy.0 = Release|x64
		{C331F5C1-7900-4197-B4AA-F6DAC61DD09E}.Ad-Hoc|x86.ActiveCfg = Release|x86
		{C331F5C1-7900-4197-B4AA-F6DAC61DD09E}.Ad-Hoc|x86.Build.0 = Release|x86
		{C331F5C1-7900-4197-B4AA-F6DAC61DD09E}.Ad-Hoc|x86.Deploy.0 = Release|x86
		{C331F5C1-7900-4197-B4AA-F6DAC61DD09E}.AppStore|Any CPU.ActiveCfg = Release|x86
		{C331F5C1-7900-4197-B4AA-F6DAC61DD09E}.AppStore|Any CPU.Build.0 = Release|x86
		{C331F5C1-7900-4197-B4AA-F6DAC61DD09E}.AppStore|Any CPU.Deploy.0 = Release|x86
		{C331F5C1-7900-4197-B4AA-F6DAC61DD09E}.AppStore|ARM.ActiveCfg = Release|ARM
		{C331F5C1-7900-4197-B4AA-F6DAC61DD09E}.AppStore|ARM.Build.0 = Release|ARM
		{C331F5C1-7900-4197-B4AA-F6DAC61DD09E}.AppStore|ARM.Deploy.0 = Release|ARM
		{C331F5C1-7900-4197-B4AA-F6DAC61DD09E}.AppStore|ARM64.ActiveCfg = Debug|x64
		{C331F5C1-7900-4197-B4AA-F6DAC61DD09E}.AppStore|ARM64.Build.0 = Debug|x64
		{C331F5C1-7900-4197-B4AA-F6DAC61DD09E}.AppStore|ARM64.Deploy.0 = Debug|x64
		{C331F5C1-7900-4197-B4AA-F6DAC61DD09E}.AppStore|iPhone.ActiveCfg = Release|x86
		{C331F5C1-7900-4197-B4AA-F6DAC61DD09E}.AppStore|iPhone.Build.0 = Release|x86
		{C331F5C1-7900-4197-B4AA-F6DAC61DD09E}.AppStore|iPhone.Deploy.0 = Release|x86
		{C331F5C1-7900-4197-B4AA-F6DAC61DD09E}.AppStore|iPhoneSimulator.ActiveCfg = Release|x86
		{C331F5C1-7900-4197-B4AA-F6DAC61DD09E}.AppStore|iPhoneSimulator.Build.0 = Release|x86
		{C331F5C1-7900-4197-B4AA-F6DAC61DD09E}.AppStore|iPhoneSimulator.Deploy.0 = Release|x86
		{C331F5C1-7900-4197-B4AA-F6DAC61DD09E}.AppStore|x64.ActiveCfg = Release|x64
		{C331F5C1-7900-4197-B4AA-F6DAC61DD09E}.AppStore|x64.Build.0 = Release|x64
		{C331F5C1-7900-4197-B4AA-F6DAC61DD09E}.AppStore|x64.Deploy.0 = Release|x64
		{C331F5C1-7900-4197-B4AA-F6DAC61DD09E}.AppStore|x86.ActiveCfg = Release|x86
		{C331F5C1-7900-4197-B4AA-F6DAC61DD09E}.AppStore|x86.Build.0 = Release|x86
		{C331F5C1-7900-4197-B4AA-F6DAC61DD09E}.AppStore|x86.Deploy.0 = Release|x86
		{C331F5C1-7900-4197-B4AA-F6DAC61DD09E}.Debug|Any CPU.ActiveCfg = Debug|x86
		{C331F5C1-7900-4197-B4AA-F6DAC61DD09E}.Debug|ARM.ActiveCfg = Debug|ARM
		{C331F5C1-7900-4197-B4AA-F6DAC61DD09E}.Debug|ARM.Build.0 = Debug|ARM
		{C331F5C1-7900-4197-B4AA-F6DAC61DD09E}.Debug|ARM.Deploy.0 = Debug|ARM
		{C331F5C1-7900-4197-B4AA-F6DAC61DD09E}.Debug|ARM64.ActiveCfg = Debug|x86
		{C331F5C1-7900-4197-B4AA-F6DAC61DD09E}.Debug|iPhone.ActiveCfg = Debug|x86
		{C331F5C1-7900-4197-B4AA-F6DAC61DD09E}.Debug|iPhoneSimulator.ActiveCfg = Debug|x86
		{C331F5C1-7900-4197-B4AA-F6DAC61DD09E}.Debug|x64.ActiveCfg = Debug|x64
		{C331F5C1-7900-4197-B4AA-F6DAC61DD09E}.Debug|x64.Build.0 = Debug|x64
		{C331F5C1-7900-4197-B4AA-F6DAC61DD09E}.Debug|x64.Deploy.0 = Debug|x64
		{C331F5C1-7900-4197-B4AA-F6DAC61DD09E}.Debug|x86.ActiveCfg = Debug|x86
		{C331F5C1-7900-4197-B4AA-F6DAC61DD09E}.Debug|x86.Build.0 = Debug|x86
		{C331F5C1-7900-4197-B4AA-F6DAC61DD09E}.Debug|x86.Deploy.0 = Debug|x86
		{C331F5C1-7900-4197-B4AA-F6DAC61DD09E}.Release|Any CPU.ActiveCfg = Release|x86
		{C331F5C1-7900-4197-B4AA-F6DAC61DD09E}.Release|ARM.ActiveCfg = Release|ARM
		{C331F5C1-7900-4197-B4AA-F6DAC61DD09E}.Release|ARM.Build.0 = Release|ARM
		{C331F5C1-7900-4197-B4AA-F6DAC61DD09E}.Release|ARM.Deploy.0 = Release|ARM
		{C331F5C1-7900-4197-B4AA-F6DAC61DD09E}.Release|ARM64.ActiveCfg = Release|x86
		{C331F5C1-7900-4197-B4AA-F6DAC61DD09E}.Release|iPhone.ActiveCfg = Release|x86
		{C331F5C1-7900-4197-B4AA-F6DAC61DD09E}.Release|iPhoneSimulator.ActiveCfg = Release|x86
		{C331F5C1-7900-4197-B4AA-F6DAC61DD09E}.Release|x64.ActiveCfg = Release|x64
		{C331F5C1-7900-4197-B4AA-F6DAC61DD09E}.Release|x64.Build.0 = Release|x64
		{C331F5C1-7900-4197-B4AA-F6DAC61DD09E}.Release|x64.Deploy.0 = Release|x64
		{C331F5C1-7900-4197-B4AA-F6DAC61DD09E}.Release|x86.ActiveCfg = Release|x86
		{C331F5C1-7900-4197-B4AA-F6DAC61DD09E}.Release|x86.Build.0 = Release|x86
		{C331F5C1-7900-4197-B4AA-F6DAC61DD09E}.Release|x86.Deploy.0 = Release|x86
		{0EE0DD55-0954-400C-A5FC-BEF531ADCC47}.Ad-Hoc|Any CPU.ActiveCfg = Release|x64
		{0EE0DD55-0954-400C-A5FC-BEF531ADCC47}.Ad-Hoc|Any CPU.Build.0 = Release|x64
		{0EE0DD55-0954-400C-A5FC-BEF531ADCC47}.Ad-Hoc|Any CPU.Deploy.0 = Release|x64
		{0EE0DD55-0954-400C-A5FC-BEF531ADCC47}.Ad-Hoc|ARM.ActiveCfg = Release|ARM
		{0EE0DD55-0954-400C-A5FC-BEF531ADCC47}.Ad-Hoc|ARM.Build.0 = Release|ARM
		{0EE0DD55-0954-400C-A5FC-BEF531ADCC47}.Ad-Hoc|ARM.Deploy.0 = Release|ARM
		{0EE0DD55-0954-400C-A5FC-BEF531ADCC47}.Ad-Hoc|ARM64.ActiveCfg = Release|x64
		{0EE0DD55-0954-400C-A5FC-BEF531ADCC47}.Ad-Hoc|ARM64.Build.0 = Release|x64
		{0EE0DD55-0954-400C-A5FC-BEF531ADCC47}.Ad-Hoc|ARM64.Deploy.0 = Release|x64
		{0EE0DD55-0954-400C-A5FC-BEF531ADCC47}.Ad-Hoc|iPhone.ActiveCfg = Release|x64
		{0EE0DD55-0954-400C-A5FC-BEF531ADCC47}.Ad-Hoc|iPhone.Build.0 = Release|x64
		{0EE0DD55-0954-400C-A5FC-BEF531ADCC47}.Ad-Hoc|iPhone.Deploy.0 = Release|x64
		{0EE0DD55-0954-400C-A5FC-BEF531ADCC47}.Ad-Hoc|iPhoneSimulator.ActiveCfg = Release|x64
		{0EE0DD55-0954-400C-A5FC-BEF531ADCC47}.Ad-Hoc|iPhoneSimulator.Build.0 = Release|x64
		{0EE0DD55-0954-400C-A5FC-BEF531ADCC47}.Ad-Hoc|iPhoneSimulator.Deploy.0 = Release|x64
		{0EE0DD55-0954-400C-A5FC-BEF531ADCC47}.Ad-Hoc|x64.ActiveCfg = Release|x64
		{0EE0DD55-0954-400C-A5FC-BEF531ADCC47}.Ad-Hoc|x64.Build.0 = Release|x64
		{0EE0DD55-0954-400C-A5FC-BEF531ADCC47}.Ad-Hoc|x64.Deploy.0 = Release|x64
		{0EE0DD55-0954-400C-A5FC-BEF531ADCC47}.Ad-Hoc|x86.ActiveCfg = Release|x86
		{0EE0DD55-0954-400C-A5FC-BEF531ADCC47}.Ad-Hoc|x86.Build.0 = Release|x86
		{0EE0DD55-0954-400C-A5FC-BEF531ADCC47}.Ad-Hoc|x86.Deploy.0 = Release|x86
		{0EE0DD55-0954-400C-A5FC-BEF531ADCC47}.AppStore|Any CPU.ActiveCfg = Release|x64
		{0EE0DD55-0954-400C-A5FC-BEF531ADCC47}.AppStore|Any CPU.Build.0 = Release|x64
		{0EE0DD55-0954-400C-A5FC-BEF531ADCC47}.AppStore|Any CPU.Deploy.0 = Release|x64
		{0EE0DD55-0954-400C-A5FC-BEF531ADCC47}.AppStore|ARM.ActiveCfg = Release|ARM
		{0EE0DD55-0954-400C-A5FC-BEF531ADCC47}.AppStore|ARM.Build.0 = Release|ARM
		{0EE0DD55-0954-400C-A5FC-BEF531ADCC47}.AppStore|ARM.Deploy.0 = Release|ARM
		{0EE0DD55-0954-400C-A5FC-BEF531ADCC47}.AppStore|ARM64.ActiveCfg = Release|x64
		{0EE0DD55-0954-400C-A5FC-BEF531ADCC47}.AppStore|ARM64.Build.0 = Release|x64
		{0EE0DD55-0954-400C-A5FC-BEF531ADCC47}.AppStore|ARM64.Deploy.0 = Release|x64
		{0EE0DD55-0954-400C-A5FC-BEF531ADCC47}.AppStore|iPhone.ActiveCfg = Release|x64
		{0EE0DD55-0954-400C-A5FC-BEF531ADCC47}.AppStore|iPhone.Build.0 = Release|x64
		{0EE0DD55-0954-400C-A5FC-BEF531ADCC47}.AppStore|iPhone.Deploy.0 = Release|x64
		{0EE0DD55-0954-400C-A5FC-BEF531ADCC47}.AppStore|iPhoneSimulator.ActiveCfg = Release|x64
		{0EE0DD55-0954-400C-A5FC-BEF531ADCC47}.AppStore|iPhoneSimulator.Build.0 = Release|x64
		{0EE0DD55-0954-400C-A5FC-BEF531ADCC47}.AppStore|iPhoneSimulator.Deploy.0 = Release|x64
		{0EE0DD55-0954-400C-A5FC-BEF531ADCC47}.AppStore|x64.ActiveCfg = Release|x64
		{0EE0DD55-0954-400C-A5FC-BEF531ADCC47}.AppStore|x64.Build.0 = Release|x64
		{0EE0DD55-0954-400C-A5FC-BEF531ADCC47}.AppStore|x64.Deploy.0 = Release|x64
		{0EE0DD55-0954-400C-A5FC-BEF531ADCC47}.AppStore|x86.ActiveCfg = Release|x86
		{0EE0DD55-0954-400C-A5FC-BEF531ADCC47}.AppStore|x86.Build.0 = Release|x86
		{0EE0DD55-0954-400C-A5FC-BEF531ADCC47}.AppStore|x86.Deploy.0 = Release|x86
		{0EE0DD55-0954-400C-A5FC-BEF531ADCC47}.Debug|Any CPU.ActiveCfg = Debug|x86
		{0EE0DD55-0954-400C-A5FC-BEF531ADCC47}.Debug|ARM.ActiveCfg = Debug|ARM
		{0EE0DD55-0954-400C-A5FC-BEF531ADCC47}.Debug|ARM.Build.0 = Debug|ARM
		{0EE0DD55-0954-400C-A5FC-BEF531ADCC47}.Debug|ARM.Deploy.0 = Debug|ARM
		{0EE0DD55-0954-400C-A5FC-BEF531ADCC47}.Debug|ARM64.ActiveCfg = Debug|x86
		{0EE0DD55-0954-400C-A5FC-BEF531ADCC47}.Debug|iPhone.ActiveCfg = Debug|x86
		{0EE0DD55-0954-400C-A5FC-BEF531ADCC47}.Debug|iPhoneSimulator.ActiveCfg = Debug|x86
		{0EE0DD55-0954-400C-A5FC-BEF531ADCC47}.Debug|x64.ActiveCfg = Debug|x64
		{0EE0DD55-0954-400C-A5FC-BEF531ADCC47}.Debug|x64.Build.0 = Debug|x64
		{0EE0DD55-0954-400C-A5FC-BEF531ADCC47}.Debug|x64.Deploy.0 = Debug|x64
		{0EE0DD55-0954-400C-A5FC-BEF531ADCC47}.Debug|x86.ActiveCfg = Debug|x86
		{0EE0DD55-0954-400C-A5FC-BEF531ADCC47}.Debug|x86.Build.0 = Debug|x86
		{0EE0DD55-0954-400C-A5FC-BEF531ADCC47}.Debug|x86.Deploy.0 = Debug|x86
		{0EE0DD55-0954-400C-A5FC-BEF531ADCC47}.Release|Any CPU.ActiveCfg = Release|x86
		{0EE0DD55-0954-400C-A5FC-BEF531ADCC47}.Release|ARM.ActiveCfg = Release|ARM
		{0EE0DD55-0954-400C-A5FC-BEF531ADCC47}.Release|ARM.Build.0 = Release|ARM
		{0EE0DD55-0954-400C-A5FC-BEF531ADCC47}.Release|ARM.Deploy.0 = Release|ARM
		{0EE0DD55-0954-400C-A5FC-BEF531ADCC47}.Release|ARM64.ActiveCfg = Release|x86
		{0EE0DD55-0954-400C-A5FC-BEF531ADCC47}.Release|iPhone.ActiveCfg = Release|x86
		{0EE0DD55-0954-400C-A5FC-BEF531ADCC47}.Release|iPhoneSimulator.ActiveCfg = Release|x86
		{0EE0DD55-0954-400C-A5FC-BEF531ADCC47}.Release|x64.ActiveCfg = Release|x64
		{0EE0DD55-0954-400C-A5FC-BEF531ADCC47}.Release|x64.Build.0 = Release|x64
		{0EE0DD55-0954-400C-A5FC-BEF531ADCC47}.Release|x64.Deploy.0 = Release|x64
		{0EE0DD55-0954-400C-A5FC-BEF531ADCC47}.Release|x86.ActiveCfg = Release|x86
		{0EE0DD55-0954-400C-A5FC-BEF531ADCC47}.Release|x86.Build.0 = Release|x86
		{0EE0DD55-0954-400C-A5FC-BEF531ADCC47}.Release|x86.Deploy.0 = Release|x86
		{FB3F24CB-514F-4259-A8C1-19AAD9BA8394}.Ad-Hoc|Any CPU.ActiveCfg = Release|Any CPU
		{FB3F24CB-514F-4259-A8C1-19AAD9BA8394}.Ad-Hoc|Any CPU.Build.0 = Release|Any CPU
		{FB3F24CB-514F-4259-A8C1-19AAD9BA8394}.Ad-Hoc|ARM.ActiveCfg = Release|ARM
		{FB3F24CB-514F-4259-A8C1-19AAD9BA8394}.Ad-Hoc|ARM.Build.0 = Release|ARM
		{FB3F24CB-514F-4259-A8C1-19AAD9BA8394}.Ad-Hoc|ARM64.ActiveCfg = Release|ARM64
		{FB3F24CB-514F-4259-A8C1-19AAD9BA8394}.Ad-Hoc|ARM64.Build.0 = Release|ARM64
		{FB3F24CB-514F-4259-A8C1-19AAD9BA8394}.Ad-Hoc|iPhone.ActiveCfg = Release|Any CPU
		{FB3F24CB-514F-4259-A8C1-19AAD9BA8394}.Ad-Hoc|iPhone.Build.0 = Release|Any CPU
		{FB3F24CB-514F-4259-A8C1-19AAD9BA8394}.Ad-Hoc|iPhoneSimulator.ActiveCfg = Release|Any CPU
		{FB3F24CB-514F-4259-A8C1-19AAD9BA8394}.Ad-Hoc|iPhoneSimulator.Build.0 = Release|Any CPU
		{FB3F24CB-514F-4259-A8C1-19AAD9BA8394}.Ad-Hoc|x64.ActiveCfg = Release|x64
		{FB3F24CB-514F-4259-A8C1-19AAD9BA8394}.Ad-Hoc|x64.Build.0 = Release|x64
		{FB3F24CB-514F-4259-A8C1-19AAD9BA8394}.Ad-Hoc|x86.ActiveCfg = Release|x86
		{FB3F24CB-514F-4259-A8C1-19AAD9BA8394}.Ad-Hoc|x86.Build.0 = Release|x86
		{FB3F24CB-514F-4259-A8C1-19AAD9BA8394}.AppStore|Any CPU.ActiveCfg = Release|Any CPU
		{FB3F24CB-514F-4259-A8C1-19AAD9BA8394}.AppStore|Any CPU.Build.0 = Release|Any CPU
		{FB3F24CB-514F-4259-A8C1-19AAD9BA8394}.AppStore|ARM.ActiveCfg = Release|ARM
		{FB3F24CB-514F-4259-A8C1-19AAD9BA8394}.AppStore|ARM.Build.0 = Release|ARM
		{FB3F24CB-514F-4259-A8C1-19AAD9BA8394}.AppStore|ARM64.ActiveCfg = Release|ARM64
		{FB3F24CB-514F-4259-A8C1-19AAD9BA8394}.AppStore|ARM64.Build.0 = Release|ARM64
		{FB3F24CB-514F-4259-A8C1-19AAD9BA8394}.AppStore|iPhone.ActiveCfg = Release|Any CPU
		{FB3F24CB-514F-4259-A8C1-19AAD9BA8394}.AppStore|iPhone.Build.0 = Release|Any CPU
		{FB3F24CB-514F-4259-A8C1-19AAD9BA8394}.AppStore|iPhoneSimulator.ActiveCfg = Release|Any CPU
		{FB3F24CB-514F-4259-A8C1-19AAD9BA8394}.AppStore|iPhoneSimulator.Build.0 = Release|Any CPU
		{FB3F24CB-514F-4259-A8C1-19AAD9BA8394}.AppStore|x64.ActiveCfg = Release|x64
		{FB3F24CB-514F-4259-A8C1-19AAD9BA8394}.AppStore|x64.Build.0 = Release|x64
		{FB3F24CB-514F-4259-A8C1-19AAD9BA8394}.AppStore|x86.ActiveCfg = Release|x86
		{FB3F24CB-514F-4259-A8C1-19AAD9BA8394}.AppStore|x86.Build.0 = Release|x86
		{FB3F24CB-514F-4259-A8C1-19AAD9BA8394}.Debug|Any CPU.ActiveCfg = Debug|Any CPU
		{FB3F24CB-514F-4259-A8C1-19AAD9BA8394}.Debug|Any CPU.Build.0 = Debug|Any CPU
		{FB3F24CB-514F-4259-A8C1-19AAD9BA8394}.Debug|ARM.ActiveCfg = Debug|ARM
		{FB3F24CB-514F-4259-A8C1-19AAD9BA8394}.Debug|ARM.Build.0 = Debug|ARM
		{FB3F24CB-514F-4259-A8C1-19AAD9BA8394}.Debug|ARM64.ActiveCfg = Debug|ARM64
		{FB3F24CB-514F-4259-A8C1-19AAD9BA8394}.Debug|ARM64.Build.0 = Debug|ARM64
		{FB3F24CB-514F-4259-A8C1-19AAD9BA8394}.Debug|iPhone.ActiveCfg = Debug|Any CPU
		{FB3F24CB-514F-4259-A8C1-19AAD9BA8394}.Debug|iPhone.Build.0 = Debug|Any CPU
		{FB3F24CB-514F-4259-A8C1-19AAD9BA8394}.Debug|iPhoneSimulator.ActiveCfg = Debug|Any CPU
		{FB3F24CB-514F-4259-A8C1-19AAD9BA8394}.Debug|iPhoneSimulator.Build.0 = Debug|Any CPU
		{FB3F24CB-514F-4259-A8C1-19AAD9BA8394}.Debug|x64.ActiveCfg = Debug|x64
		{FB3F24CB-514F-4259-A8C1-19AAD9BA8394}.Debug|x64.Build.0 = Debug|x64
		{FB3F24CB-514F-4259-A8C1-19AAD9BA8394}.Debug|x86.ActiveCfg = Debug|x86
		{FB3F24CB-514F-4259-A8C1-19AAD9BA8394}.Debug|x86.Build.0 = Debug|x86
		{FB3F24CB-514F-4259-A8C1-19AAD9BA8394}.Release|Any CPU.ActiveCfg = Release|Any CPU
		{FB3F24CB-514F-4259-A8C1-19AAD9BA8394}.Release|Any CPU.Build.0 = Release|Any CPU
		{FB3F24CB-514F-4259-A8C1-19AAD9BA8394}.Release|ARM.ActiveCfg = Release|ARM
		{FB3F24CB-514F-4259-A8C1-19AAD9BA8394}.Release|ARM.Build.0 = Release|ARM
		{FB3F24CB-514F-4259-A8C1-19AAD9BA8394}.Release|ARM64.ActiveCfg = Release|ARM64
		{FB3F24CB-514F-4259-A8C1-19AAD9BA8394}.Release|ARM64.Build.0 = Release|ARM64
		{FB3F24CB-514F-4259-A8C1-19AAD9BA8394}.Release|iPhone.ActiveCfg = Release|Any CPU
		{FB3F24CB-514F-4259-A8C1-19AAD9BA8394}.Release|iPhone.Build.0 = Release|Any CPU
		{FB3F24CB-514F-4259-A8C1-19AAD9BA8394}.Release|iPhoneSimulator.ActiveCfg = Release|Any CPU
		{FB3F24CB-514F-4259-A8C1-19AAD9BA8394}.Release|iPhoneSimulator.Build.0 = Release|Any CPU
		{FB3F24CB-514F-4259-A8C1-19AAD9BA8394}.Release|x64.ActiveCfg = Release|x64
		{FB3F24CB-514F-4259-A8C1-19AAD9BA8394}.Release|x64.Build.0 = Release|x64
		{FB3F24CB-514F-4259-A8C1-19AAD9BA8394}.Release|x86.ActiveCfg = Release|x86
		{FB3F24CB-514F-4259-A8C1-19AAD9BA8394}.Release|x86.Build.0 = Release|x86
	EndGlobalSection
	GlobalSection(SolutionProperties) = preSolution
		HideSolutionNode = FALSE
	EndGlobalSection
	GlobalSection(ExtensibilityGlobals) = postSolution
		SolutionGuid = {06B495FB-BA59-48D5-A349-6633119148A0}
	EndGlobalSection
EndGlobal
